<Solution>
  <Folder Name="/src/">
    <Project Path="src/HgResume.Api/HgResume.Api.csproj" />
  </Folder>
  <Folder Name="/test/">
    <Project Path="test/HgResume.HttpTests/HgResume.HttpTests.csproj" />
    <Project Path="test/HgResume.SendReceiveTests/HgResume.SendReceiveTests.csproj" />
  </Folder>
</Solution>
